github.com/google/uuid v1.6.0 h1:NIvaJDMOsjHA8n1jAhLSgzrAzy1Hgr+hNrb57e+94F0=
github.com/google/uuid v1.6.0/go.mod h1:TIyPZe4MgqvfeYDBFedMoGGpEw/LqOeaOT+nhxU+yHo=
github.com/tdrip/griddata v0.0.0-20260428214302-854eb4da9e59 h1:zQxm6mYWHE21C1PEx4ScpjEJfkoQVtbmQMlvDGGa8rw=
github.com/tdrip/griddata v0.0.0-20260428214302-854eb4da9e59/go.mod h1:4ii7lGcBAgPv6XNEkS+APJcG3h8bbXQ6LNeQ62C2H5U=
