github.com/google/uuid v1.6.0 h1:NIvaJDMOsjHA8n1jAhLSgzrAzy1Hgr+hNrb57e+94F0=
github.com/google/uuid v1.6.0/go.mod h1:TIyPZe4MgqvfeYDBFedMoGGpEw/LqOeaOT+nhxU+yHo=
github.com/tdrip/griddata v0.0.0-20260428203254-989ee9f2f086 h1:ysMRLMb3VWN8BKS888Mc6q5zVqxIX5yjwA0L5Uu6aXg=
github.com/tdrip/griddata v0.0.0-20260428203254-989ee9f2f086/go.mod h1:4ii7lGcBAgPv6XNEkS+APJcG3h8bbXQ6LNeQ62C2H5U=
