github.com/google/uuid v1.6.0 h1:NIvaJDMOsjHA8n1jAhLSgzrAzy1Hgr+hNrb57e+94F0=
github.com/google/uuid v1.6.0/go.mod h1:TIyPZe4MgqvfeYDBFedMoGGpEw/LqOeaOT+nhxU+yHo=
github.com/tdrip/griddata v0.0.0-20260428235742-d480e1e7002d h1:8/Wua6bzS/gLMyWxc4C+5L+RbEOB6UcLNXCg498pzxw=
github.com/tdrip/griddata v0.0.0-20260428235742-d480e1e7002d/go.mod h1:4ii7lGcBAgPv6XNEkS+APJcG3h8bbXQ6LNeQ62C2H5U=
